
Microsoft Visual Studio Solution File, Format Version 12.00
# Visual Studio Version 17
VisualStudioVersion = 17.7.34031.279
MinimumVisualStudioVersion = 10.0.40219.1
Project("{9A19103F-16F7-4668-BE54-9A1E7A4F7556}") = "GuanaBlog.WebApp", "GuanaBlog.WebApp\GuanaBlog.WebApp.csproj", "{FE3E1F9C-E807-4767-AAB5-EE80D384909F}"
EndProject
Project("{FAE04EC0-301F-11D3-BF4B-00C04F79EFBC}") = "GuanaBlog.Core", "GuanaBlog.Core\GuanaBlog.Core.csproj", "{15D5D3BA-BB44-4306-AB47-6F36A3816766}"
EndProject
Global
	GlobalSection(SolutionConfigurationPlatforms) = preSolution
		Debug|Any CPU = Debug|Any CPU
		Release|Any CPU = Release|Any CPU
	EndGlobalSection
	GlobalSection(ProjectConfigurationPlatforms) = postSolution
		{FE3E1F9C-E807-4767-AAB5-EE80D384909F}.Debug|Any CPU.ActiveCfg = Debug|Any CPU
		{FE3E1F9C-E807-4767-AAB5-EE80D384909F}.Debug|Any CPU.Build.0 = Debug|Any CPU
		{FE3E1F9C-E807-4767-AAB5-EE80D384909F}.Release|Any CPU.ActiveCfg = Release|Any CPU
		{FE3E1F9C-E807-4767-AAB5-EE80D384909F}.Release|Any CPU.Build.0 = Release|Any CPU
		{15D5D3BA-BB44-4306-AB47-6F36A3816766}.Debug|Any CPU.ActiveCfg = Debug|Any CPU
		{15D5D3BA-BB44-4306-AB47-6F36A3816766}.Debug|Any CPU.Build.0 = Debug|Any CPU
		{15D5D3BA-BB44-4306-AB47-6F36A3816766}.Release|Any CPU.ActiveCfg = Release|Any CPU
		{15D5D3BA-BB44-4306-AB47-6F36A3816766}.Release|Any CPU.Build.0 = Release|Any CPU
	EndGlobalSection
	GlobalSection(SolutionProperties) = preSolution
		HideSolutionNode = FALSE
	EndGlobalSection
	GlobalSection(ExtensibilityGlobals) = postSolution
		SolutionGuid = {F9EDEA4F-E93E-4BFA-93E0-0F099ECCF723}
	EndGlobalSection
EndGlobal
