
Microsoft Visual Studio Solution File, Format Version 12.00
# Visual Studio Version 17
VisualStudioVersion = 17.7.34031.279
MinimumVisualStudioVersion = 10.0.40219.1
Project("{2150E333-8FDC-42A3-9474-1A3956D46DE8}") = "src", "src", "{5F74D932-2E9B-41F9-86D1-0A46910A9942}"
EndProject
Project("{9A19103F-16F7-4668-BE54-9A1E7A4F7556}") = "GuanaBlog.Core", "src\GuanaBlog.Core\GuanaBlog.Core.csproj", "{49F0E5BE-5745-47EA-B657-E7181D4E594A}"
EndProject
Project("{2150E333-8FDC-42A3-9474-1A3956D46DE8}") = "Test", "Test", "{0EE67FDC-2354-4C3F-B340-06557D47CB75}"
EndProject
Project("{9A19103F-16F7-4668-BE54-9A1E7A4F7556}") = "GuanaBlog.API", "src\GuanaBlog.API\GuanaBlog.API.csproj", "{94208CF7-410F-401C-BF80-26660C1B11B7}"
EndProject
Project("{9A19103F-16F7-4668-BE54-9A1E7A4F7556}") = "GuanaBlog.CoreTest", "Test\GuanaBlog.CoreTest\GuanaBlog.CoreTest.csproj", "{5F661979-F6A3-47C5-B6EF-248518675FE0}"
EndProject
Project("{9A19103F-16F7-4668-BE54-9A1E7A4F7556}") = "GuanaBlog.Infraestructure", "src\GuanaBlog.Infraestructure\GuanaBlog.Infraestructure.csproj", "{9096BD3B-AB6D-41B1-B362-9366C3AACC6D}"
EndProject
Global
	GlobalSection(SolutionConfigurationPlatforms) = preSolution
		Debug|Any CPU = Debug|Any CPU
		Release|Any CPU = Release|Any CPU
	EndGlobalSection
	GlobalSection(ProjectConfigurationPlatforms) = postSolution
		{49F0E5BE-5745-47EA-B657-E7181D4E594A}.Debug|Any CPU.ActiveCfg = Debug|Any CPU
		{49F0E5BE-5745-47EA-B657-E7181D4E594A}.Debug|Any CPU.Build.0 = Debug|Any CPU
		{49F0E5BE-5745-47EA-B657-E7181D4E594A}.Release|Any CPU.ActiveCfg = Release|Any CPU
		{49F0E5BE-5745-47EA-B657-E7181D4E594A}.Release|Any CPU.Build.0 = Release|Any CPU
		{94208CF7-410F-401C-BF80-26660C1B11B7}.Debug|Any CPU.ActiveCfg = Debug|Any CPU
		{94208CF7-410F-401C-BF80-26660C1B11B7}.Debug|Any CPU.Build.0 = Debug|Any CPU
		{94208CF7-410F-401C-BF80-26660C1B11B7}.Release|Any CPU.ActiveCfg = Release|Any CPU
		{94208CF7-410F-401C-BF80-26660C1B11B7}.Release|Any CPU.Build.0 = Release|Any CPU
		{5F661979-F6A3-47C5-B6EF-248518675FE0}.Debug|Any CPU.ActiveCfg = Debug|Any CPU
		{5F661979-F6A3-47C5-B6EF-248518675FE0}.Debug|Any CPU.Build.0 = Debug|Any CPU
		{5F661979-F6A3-47C5-B6EF-248518675FE0}.Release|Any CPU.ActiveCfg = Release|Any CPU
		{5F661979-F6A3-47C5-B6EF-248518675FE0}.Release|Any CPU.Build.0 = Release|Any CPU
		{9096BD3B-AB6D-41B1-B362-9366C3AACC6D}.Debug|Any CPU.ActiveCfg = Debug|Any CPU
		{9096BD3B-AB6D-41B1-B362-9366C3AACC6D}.Debug|Any CPU.Build.0 = Debug|Any CPU
		{9096BD3B-AB6D-41B1-B362-9366C3AACC6D}.Release|Any CPU.ActiveCfg = Release|Any CPU
		{9096BD3B-AB6D-41B1-B362-9366C3AACC6D}.Release|Any CPU.Build.0 = Release|Any CPU
	EndGlobalSection
	GlobalSection(SolutionProperties) = preSolution
		HideSolutionNode = FALSE
	EndGlobalSection
	GlobalSection(NestedProjects) = preSolution
		{49F0E5BE-5745-47EA-B657-E7181D4E594A} = {5F74D932-2E9B-41F9-86D1-0A46910A9942}
		{94208CF7-410F-401C-BF80-26660C1B11B7} = {5F74D932-2E9B-41F9-86D1-0A46910A9942}
		{5F661979-F6A3-47C5-B6EF-248518675FE0} = {0EE67FDC-2354-4C3F-B340-06557D47CB75}
		{9096BD3B-AB6D-41B1-B362-9366C3AACC6D} = {5F74D932-2E9B-41F9-86D1-0A46910A9942}
	EndGlobalSection
	GlobalSection(ExtensibilityGlobals) = postSolution
		SolutionGuid = {F9EDEA4F-E93E-4BFA-93E0-0F099ECCF723}
	EndGlobalSection
EndGlobal
